{
  "name": "@wmg/common",
  "version": "0.0.0",
  "lockfileVersion": 1,
  "requires": true,
  "dependencies": {
    "@types/lodash": {
      "version": "4.14.118",
      "resolved": "https://registry.npmjs.org/@types/lodash/-/lodash-4.14.118.tgz",
      "integrity": "sha512-iiJbKLZbhSa6FYRip/9ZDX6HXhayXLDGY2Fqws9cOkEQ6XeKfaxB0sC541mowZJueYyMnVUmmG+al5/4fCDrgw==",
      "dev": true
    },
    "typescript": {
      "version": "3.1.6",
      "resolved": "https://registry.npmjs.org/typescript/-/typescript-3.1.6.tgz",
      "integrity": "sha512-tDMYfVtvpb96msS1lDX9MEdHrW4yOuZ4Kdc4Him9oU796XldPYF/t2+uKoX0BBa0hXXwDlqYQbXY5Rzjzc5hBA==",
      "dev": true
    }
  }
}
